
Microsoft Visual Studio Solution File, Format Version 12.00
# Visual Studio 14
VisualStudioVersion = 14.0.25420.1
MinimumVisualStudioVersion = 10.0.40219.1
Project("{FAE04EC0-301F-11D3-BF4B-00C04F79EFBC}") = "SportsStore.Domain", "Domain\SportsStore.Domain.csproj", "{7FC1EA44-0440-49FD-843D-B060AE6921E3}"
EndProject
Project("{FAE04EC0-301F-11D3-BF4B-00C04F79EFBC}") = "SportsStore.WebUI", "SportsStore.WebUI\SportsStore.WebUI.csproj", "{D6677339-B3D0-43D3-9C53-70B9D0ED04FC}"
EndProject
Project("{FAE04EC0-301F-11D3-BF4B-00C04F79EFBC}") = "SportsStore.UnitTests", "SportsStore.UnitTests\SportsStore.UnitTests.csproj", "{A8252E2C-5612-4412-A037-79DC0435C83B}"
EndProject
Global
	GlobalSection(SolutionConfigurationPlatforms) = preSolution
		Debug|Any CPU = Debug|Any CPU
		Release|Any CPU = Release|Any CPU
	EndGlobalSection
	GlobalSection(ProjectConfigurationPlatforms) = postSolution
		{7FC1EA44-0440-49FD-843D-B060AE6921E3}.Debug|Any CPU.ActiveCfg = Debug|Any CPU
		{7FC1EA44-0440-49FD-843D-B060AE6921E3}.Debug|Any CPU.Build.0 = Debug|Any CPU
		{7FC1EA44-0440-49FD-843D-B060AE6921E3}.Release|Any CPU.ActiveCfg = Release|Any CPU
		{7FC1EA44-0440-49FD-843D-B060AE6921E3}.Release|Any CPU.Build.0 = Release|Any CPU
		{D6677339-B3D0-43D3-9C53-70B9D0ED04FC}.Debug|Any CPU.ActiveCfg = Debug|Any CPU
		{D6677339-B3D0-43D3-9C53-70B9D0ED04FC}.Debug|Any CPU.Build.0 = Debug|Any CPU
		{D6677339-B3D0-43D3-9C53-70B9D0ED04FC}.Release|Any CPU.ActiveCfg = Release|Any CPU
		{D6677339-B3D0-43D3-9C53-70B9D0ED04FC}.Release|Any CPU.Build.0 = Release|Any CPU
		{A8252E2C-5612-4412-A037-79DC0435C83B}.Debug|Any CPU.ActiveCfg = Debug|Any CPU
		{A8252E2C-5612-4412-A037-79DC0435C83B}.Debug|Any CPU.Build.0 = Debug|Any CPU
		{A8252E2C-5612-4412-A037-79DC0435C83B}.Release|Any CPU.ActiveCfg = Release|Any CPU
		{A8252E2C-5612-4412-A037-79DC0435C83B}.Release|Any CPU.Build.0 = Release|Any CPU
	EndGlobalSection
	GlobalSection(SolutionProperties) = preSolution
		HideSolutionNode = FALSE
	EndGlobalSection
EndGlobal
